
Microsoft Visual Studio Solution File, Format Version 12.00
# Visual Studio 15
VisualStudioVersion = 15.0.27130.2010
MinimumVisualStudioVersion = 10.0.40219.1
Project("{FAE04EC0-301F-11D3-BF4B-00C04F79EFBC}") = "GenericApp", "GenericApp\GenericApp.csproj", "{CFBADD43-1C43-400D-B83D-67647BB4A612}"
EndProject
Global
	GlobalSection(SolutionConfigurationPlatforms) = preSolution
		Debug|Any CPU = Debug|Any CPU
		Release|Any CPU = Release|Any CPU
	EndGlobalSection
	GlobalSection(ProjectConfigurationPlatforms) = postSolution
		{CFBADD43-1C43-400D-B83D-67647BB4A612}.Debug|Any CPU.ActiveCfg = Debug|Any CPU
		{CFBADD43-1C43-400D-B83D-67647BB4A612}.Debug|Any CPU.Build.0 = Debug|Any CPU
		{CFBADD43-1C43-400D-B83D-67647BB4A612}.Release|Any CPU.ActiveCfg = Release|Any CPU
		{CFBADD43-1C43-400D-B83D-67647BB4A612}.Release|Any CPU.Build.0 = Release|Any CPU
	EndGlobalSection
	GlobalSection(SolutionProperties) = preSolution
		HideSolutionNode = FALSE
	EndGlobalSection
	GlobalSection(ExtensibilityGlobals) = postSolution
		SolutionGuid = {7DDD51A8-9547-40AF-9B6B-504BFCF045D1}
	EndGlobalSection
EndGlobal
